// !$*UTF8*$!
{
	archiveVersion = 1;
	classes = {
	};
	objectVersion = 77;
	objects = {

/* Begin PBXBuildFile section */
		D2DA33DF2FA5229000ADF35E /* ReadiumAdapterGCDWebServer in Frameworks */ = {isa = PBXBuildFile; productRef = D2DA33DE2FA5229000ADF35E /* ReadiumAdapterGCDWebServer */; };
		D2DA33E12FA5229000ADF35E /* ReadiumShared in Frameworks */ = {isa = PBXBuildFile; productRef = D2DA33E02FA5229000ADF35E /* ReadiumShared */; };
		D2DA33E32FA5229000ADF35E /* ReadiumStreamer in Frameworks */ = {isa = PBXBuildFile; productRef = D2DA33E22FA5229000ADF35E /* ReadiumStreamer */; };
/* End PBXBuildFile section */

/* Begin PBXContainerItemProxy section */
		D27EAE812F97CAC700EC7F0E /* PBXContainerItemProxy */ = {
			isa = PBXContainerItemProxy;
			containerPortal = D27EAE672F97CAC500EC7F0E /* Project object */;
			proxyType = 1;
			remoteGlobalIDString = D27EAE6E2F97CAC500EC7F0E;
			remoteInfo = "Codex Reader";
		};
		D27EAE8B2F97CAC700EC7F0E /* PBXContainerItemProxy */ = {
			isa = PBXContainerItemProxy;
			containerPortal = D27EAE672F97CAC500EC7F0E /* Project object */;
			proxyType = 1;
			remoteGlobalIDString = D27EAE6E2F97CAC500EC7F0E;
			remoteInfo = "Codex Reader";
		};
/* End PBXContainerItemProxy section */

/* Begin PBXFileReference section */
		D27EAE6F2F97CAC500EC7F0E /* Codex Reader.app */ = {isa = PBXFileReference; explicitFileType = wrapper.application; includeInIndex = 0; path = "Codex Reader.app"; sourceTree = BUILT_PRODUCTS_DIR; };
		D27EAE802F97CAC700EC7F0E /* Codex ReaderTests.xctest */ = {isa = PBXFileReference; explicitFileType = wrapper.cfbundle; includeInIndex = 0; path = "Codex ReaderTests.xctest"; sourceTree = BUILT_PRODUCTS_DIR; };
		D27EAE8A2F97CAC700EC7F0E /* Codex ReaderUITests.xctest */ = {isa = PBXFileReference; explicitFileType = wrapper.cfbundle; includeInIndex = 0; path = "Codex ReaderUITests.xctest"; sourceTree = BUILT_PRODUCTS_DIR; };
/* End PBXFileReference section */

/* Begin PBXFileSystemSynchronizedBuildFileExceptionSet section */
		D27EAE922F97CAC700EC7F0E /* Exceptions for "Codex Reader" folder in "Codex Reader" target */ = {
			isa = PBXFileSystemSynchronizedBuildFileExceptionSet;
			membershipExceptions = (
				Info.plist,
			);
			target = D27EAE6E2F97CAC500EC7F0E /* Codex Reader */;
		};
/* End PBXFileSystemSynchronizedBuildFileExceptionSet section */

/* Begin PBXFileSystemSynchronizedRootGroup section */
		D27EAE712F97CAC500EC7F0E /* Codex Reader */ = {
			isa = PBXFileSystemSynchronizedRootGroup;
			exceptions = (
				D27EAE922F97CAC700EC7F0E /* Exceptions for "Codex Reader" folder in "Codex Reader" target */,
			);
			path = "Codex Reader";
			sourceTree = "<group>";
		};
		D27EAE832F97CAC700EC7F0E /* Codex ReaderTests */ = {
			isa = PBXFileSystemSynchronizedRootGroup;
			path = "Codex ReaderTests";
			sourceTree = "<group>";
		};
		D27EAE8D2F97CAC700EC7F0E /* Codex ReaderUITests */ = {
			isa = PBXFileSystemSynchronizedRootGroup;
			path = "Codex ReaderUITests";
			sourceTree = "<group>";
		};
/* End PBXFileSystemSynchronizedRootGroup section */

/* Begin PBXFrameworksBuildPhase section */
		D27EAE6C2F97CAC500EC7F0E /* Frameworks */ = {
			isa = PBXFrameworksBuildPhase;
			buildActionMask = 2147483647;
			files = (
				D2DA33DF2FA5229000ADF35E /* ReadiumAdapterGCDWebServer in Frameworks */,
				D2DA33E32FA5229000ADF35E /* ReadiumStreamer in Frameworks */,
				D2DA33E12FA5229000ADF35E /* ReadiumShared in Frameworks */,
			);
			runOnlyForDeploymentPostprocessing = 0;
		};
		D27EAE7D2F97CAC700EC7F0E /* Frameworks */ = {
			isa = PBXFrameworksBuildPhase;
			buildActionMask = 2147483647;
			files = (
			);
			runOnlyForDeploymentPostprocessing = 0;
		};
		D27EAE872F97CAC700EC7F0E /* Frameworks */ = {
			isa = PBXFrameworksBuildPhase;
			buildActionMask = 2147483647;
			files = (
			);
			runOnlyForDeploymentPostprocessing = 0;
		};
/* End PBXFrameworksBuildPhase section */

/* Begin PBXGroup section */
		D27EAE662F97CAC500EC7F0E = {
			isa = PBXGroup;
			children = (
				D27EAE712F97CAC500EC7F0E /* Codex Reader */,
				D27EAE832F97CAC700EC7F0E /* Codex ReaderTests */,
				D27EAE8D2F97CAC700EC7F0E /* Codex ReaderUITests */,
				D27EAE702F97CAC500EC7F0E /* Products */,
			);
			sourceTree = "<group>";
		};
		D27EAE702F97CAC500EC7F0E /* Products */ = {
			isa = PBXGroup;
			children = (
				D27EAE6F2F97CAC500EC7F0E /* Codex Reader.app */,
				D27EAE802F97CAC700EC7F0E /* Codex ReaderTests.xctest */,
				D27EAE8A2F97CAC700EC7F0E /* Codex ReaderUITests.xctest */,
			);
			name = Products;
			sourceTree = "<group>";
		};
/* End PBXGroup section */

/* Begin PBXNativeTarget section */
		D27EAE6E2F97CAC500EC7F0E /* Codex Reader */ = {
			isa = PBXNativeTarget;
			buildConfigurationList = D27EAE932F97CAC700EC7F0E /* Build configuration list for PBXNativeTarget "Codex Reader" */;
			buildPhases = (
				D27EAE6B2F97CAC500EC7F0E /* Sources */,
				D27EAE6C2F97CAC500EC7F0E /* Frameworks */,
				D27EAE6D2F97CAC500EC7F0E /* Resources */,
			);
			buildRules = (
			);
			dependencies = (
			);
			fileSystemSynchronizedGroups = (
				D27EAE712F97CAC500EC7F0E /* Codex Reader */,
			);
			name = "Codex Reader";
			packageProductDependencies = (
				D2DA33DE2FA5229000ADF35E /* ReadiumAdapterGCDWebServer */,
				D2DA33E02FA5229000ADF35E /* ReadiumShared */,
				D2DA33E22FA5229000ADF35E /* ReadiumStreamer */,
			);
			productName = "Codex Reader";
			productReference = D27EAE6F2F97CAC500EC7F0E /* Codex Reader.app */;
			productType = "com.apple.product-type.application";
		};
		D27EAE7F2F97CAC700EC7F0E /* Codex ReaderTests */ = {
			isa = PBXNativeTarget;
			buildConfigurationList = D27EAE982F97CAC700EC7F0E /* Build configuration list for PBXNativeTarget "Codex ReaderTests" */;
			buildPhases = (
				D27EAE7C2F97CAC700EC7F0E /* Sources */,
				D27EAE7D2F97CAC700EC7F0E /* Frameworks */,
				D27EAE7E2F97CAC700EC7F0E /* Resources */,
			);
			buildRules = (
			);
			dependencies = (
				D27EAE822F97CAC700EC7F0E /* PBXTargetDependency */,
			);
			fileSystemSynchronizedGroups = (
				D27EAE832F97CAC700EC7F0E /* Codex ReaderTests */,
			);
			name = "Codex ReaderTests";
			packageProductDependencies = (
			);
			productName = "Codex ReaderTests";
			productReference = D27EAE802F97CAC700EC7F0E /* Codex ReaderTests.xctest */;
			productType = "com.apple.product-type.bundle.unit-test";
		};
		D27EAE892F97CAC700EC7F0E /* Codex ReaderUITests */ = {
			isa = PBXNativeTarget;
			buildConfigurationList = D27EAE9B2F97CAC700EC7F0E /* Build configuration list for PBXNativeTarget "Codex ReaderUITests" */;
			buildPhases = (
				D27EAE862F97CAC700EC7F0E /* Sources */,
				D27EAE872F97CAC700EC7F0E /* Frameworks */,
				D27EAE882F97CAC700EC7F0E /* Resources */,
			);
			buildRules = (
			);
			dependencies = (
				D27EAE8C2F97CAC700EC7F0E /* PBXTargetDependency */,
			);
			fileSystemSynchronizedGroups = (
				D27EAE8D2F97CAC700EC7F0E /* Codex ReaderUITests */,
			);
			name = "Codex ReaderUITests";
			packageProductDependencies = (
			);
			productName = "Codex ReaderUITests";
			productReference = D27EAE8A2F97CAC700EC7F0E /* Codex ReaderUITests.xctest */;
			productType = "com.apple.product-type.bundle.ui-testing";
		};
/* End PBXNativeTarget section */

/* Begin PBXProject section */
		D27EAE672F97CAC500EC7F0E /* Project object */ = {
			isa = PBXProject;
			attributes = {
				BuildIndependentTargetsInParallel = 1;
				LastSwiftUpdateCheck = 2640;
				LastUpgradeCheck = 2640;
				TargetAttributes = {
					D27EAE6E2F97CAC500EC7F0E = {
						CreatedOnToolsVersion = 26.4.1;
					};
					D27EAE7F2F97CAC700EC7F0E = {
						CreatedOnToolsVersion = 26.4.1;
						TestTargetID = D27EAE6E2F97CAC500EC7F0E;
					};
					D27EAE892F97CAC700EC7F0E = {
						CreatedOnToolsVersion = 26.4.1;
						TestTargetID = D27EAE6E2F97CAC500EC7F0E;
					};
				};
			};
			buildConfigurationList = D27EAE6A2F97CAC500EC7F0E /* Build configuration list for PBXProject "Codex Reader" */;
			developmentRegion = en;
			hasScannedForEncodings = 0;
			knownRegions = (
				en,
				Base,
			);
			mainGroup = D27EAE662F97CAC500EC7F0E;
			minimizedProjectReferenceProxies = 1;
			packageReferences = (
				D2DA33DD2FA5229000ADF35E /* XCRemoteSwiftPackageReference "swift-toolkit" */,
			);
			preferredProjectObjectVersion = 77;
			productRefGroup = D27EAE702F97CAC500EC7F0E /* Products */;
			projectDirPath = "";
			projectRoot = "";
			targets = (
				D27EAE6E2F97CAC500EC7F0E /* Codex Reader */,
				D27EAE7F2F97CAC700EC7F0E /* Codex ReaderTests */,
				D27EAE892F97CAC700EC7F0E /* Codex ReaderUITests */,
			);
		};
/* End PBXProject section */

/* Begin PBXResourcesBuildPhase section */
		D27EAE6D2F97CAC500EC7F0E /* Resources */ = {
			isa = PBXResourcesBuildPhase;
			buildActionMask = 2147483647;
			files = (
			);
			runOnlyForDeploymentPostprocessing = 0;
		};
		D27EAE7E2F97CAC700EC7F0E /* Resources */ = {
			isa = PBXResourcesBuildPhase;
			buildActionMask = 2147483647;
			files = (
			);
			runOnlyForDeploymentPostprocessing = 0;
		};
		D27EAE882F97CAC700EC7F0E /* Resources */ = {
			isa = PBXResourcesBuildPhase;
			buildActionMask = 2147483647;
			files = (
			);
			runOnlyForDeploymentPostprocessing = 0;
		};
/* End PBXResourcesBuildPhase section */

/* Begin PBXSourcesBuildPhase section */
		D27EAE6B2F97CAC500EC7F0E /* Sources */ = {
			isa = PBXSourcesBuildPhase;
			buildActionMask = 2147483647;
			files = (
			);
			runOnlyForDeploymentPostprocessing = 0;
		};
		D27EAE7C2F97CAC700EC7F0E /* Sources */ = {
			isa = PBXSourcesBuildPhase;
			buildActionMask = 2147483647;
			files = (
			);
			runOnlyForDeploymentPostprocessing = 0;
		};
		D27EAE862F97CAC700EC7F0E /* Sources */ = {
			isa = PBXSourcesBuildPhase;
			buildActionMask = 2147483647;
			files = (
			);
			runOnlyForDeploymentPostprocessing = 0;
		};
/* End PBXSourcesBuildPhase section */

/* Begin PBXTargetDependency section */
		D27EAE822F97CAC700EC7F0E /* PBXTargetDependency */ = {
			isa = PBXTargetDependency;
			target = D27EAE6E2F97CAC500EC7F0E /* Codex Reader */;
			targetProxy = D27EAE812F97CAC700EC7F0E /* PBXContainerItemProxy */;
		};
		D27EAE8C2F97CAC700EC7F0E /* PBXTargetDependency */ = {
			isa = PBXTargetDependency;
			target = D27EAE6E2F97CAC500EC7F0E /* Codex Reader */;
			targetProxy = D27EAE8B2F97CAC700EC7F0E /* PBXContainerItemProxy */;
		};
/* End PBXTargetDependency section */

/* Begin XCBuildConfiguration section */
		D27EAE942F97CAC700EC7F0E /* Debug */ = {
			isa = XCBuildConfiguration;
			buildSettings = {
				ASSETCATALOG_COMPILER_APPICON_NAME = AppIcon;
				ASSETCATALOG_COMPILER_GLOBAL_ACCENT_COLOR_NAME = AccentColor;
				CODE_SIGN_ENTITLEMENTS = "Codex Reader/Codex_Reader.entitlements";
				CODE_SIGN_STYLE = Automatic;
				CURRENT_PROJECT_VERSION = 1;
				DEVELOPMENT_TEAM = B96HF9533R;
				ENABLE_PREVIEWS = YES;
				GENERATE_INFOPLIST_FILE = YES;
				INFOPLIST_FILE = "Codex Reader/Info.plist";
				INFOPLIST_KEY_UIApplicationSceneManifest_Generation = YES;
				INFOPLIST_KEY_UIApplicationSupportsIndirectInputEvents = YES;
				INFOPLIST_KEY_UILaunchScreen_Generation = YES;
				INFOPLIST_KEY_UISupportedInterfaceOrientations_iPad = "UIInterfaceOrientationPortrait UIInterfaceOrientationPortraitUpsideDown UIInterfaceOrientationLandscapeLeft UIInterfaceOrientationLandscapeRight";
				INFOPLIST_KEY_UISupportedInterfaceOrientations_iPhone = "UIInterfaceOrientationPortrait UIInterfaceOrientationLandscapeLeft UIInterfaceOrientationLandscapeRight";
				LD_RUNPATH_SEARCH_PATHS = (
					"$(inherited)",
					"@executable_path/Frameworks",
				);
				MARKETING_VERSION = 1.0;
				PRODUCT_BUNDLE_IDENTIFIER = "com.scottfrey.Codex-Reader";
				PRODUCT_NAME = "$(TARGET_NAME)";
				STRING_CATALOG_GENERATE_SYMBOLS = YES;
				SWIFT_APPROACHABLE_CONCURRENCY = YES;
				SWIFT_DEFAULT_ACTOR_ISOLATION = MainActor;
				SWIFT_EMIT_LOC_STRINGS = YES;
				SWIFT_UPCOMING_FEATURE_MEMBER_IMPORT_VISIBILITY = YES;
				SWIFT_VERSION = 5.0;
				TARGETED_DEVICE_FAMILY = "1,2";
			};
			name = Debug;
		};
		D27EAE952F97CAC700EC7F0E /* Release */ = {
			isa = XCBuildConfiguration;
			buildSettings = {
				ASSETCATALOG_COMPILER_APPICON_NAME = AppIcon;
				ASSETCATALOG_COMPILER_GLOBAL_ACCENT_COLOR_NAME = AccentColor;
				CODE_SIGN_ENTITLEMENTS = "Codex Reader/Codex_Reader.entitlements";
				CODE_SIGN_STYLE = Automatic;
				CURRENT_PROJECT_VERSION = 1;
				DEVELOPMENT_TEAM = B96HF9533R;
				ENABLE_PREVIEWS = YES;
				GENERATE_INFOPLIST_FILE = YES;
				INFOPLIST_FILE = "Codex Reader/Info.plist";
				INFOPLIST_KEY_UIApplicationSceneManifest_Generation = YES;
				INFOPLIST_KEY_UIApplicationSupportsIndirectInputEvents = YES;
				INFOPLIST_KEY_UILaunchScreen_Generation = YES;
				INFOPLIST_KEY_UISupportedInterfaceOrientations_iPad = "UIInterfaceOrientationPortrait UIInterfaceOrientationPortraitUpsideDown UIInterfaceOrientationLandscapeLeft UIInterfaceOrientationLandscapeRight";
				INFOPLIST_KEY_UISupportedInterfaceOrientations_iPhone = "UIInterfaceOrientationPortrait UIInterfaceOrientationLandscapeLeft UIInterfaceOrientationLandscapeRight";
				LD_RUNPATH_SEARCH_PATHS = (
					"$(inherited)",
					"@executable_path/Frameworks",
				);
				MARKETING_VERSION = 1.0;
				PRODUCT_BUNDLE_IDENTIFIER = "com.scottfrey.Codex-Reader";
				PRODUCT_NAME = "$(TARGET_NAME)";
				STRING_CATALOG_GENERATE_SYMBOLS = YES;
				SWIFT_APPROACHABLE_CONCURRENCY = YES;
				SWIFT_DEFAULT_ACTOR_ISOLATION = MainActor;
				SWIFT_EMIT_LOC_STRINGS = YES;
				SWIFT_UPCOMING_FEATURE_MEMBER_IMPORT_VISIBILITY = YES;
				SWIFT_VERSION = 5.0;
				TARGETED_DEVICE_FAMILY = "1,2";
			};
			name = Release;
		};
		D27EAE962F97CAC700EC7F0E /* Debug */ = {
			isa = XCBuildConfiguration;
			buildSettings = {
				ALWAYS_SEARCH_USER_PATHS = NO;
				ASSETCATALOG_COMPILER_GENERATE_SWIFT_ASSET_SYMBOL_EXTENSIONS = YES;
				CLANG_ANALYZER_NONNULL = YES;
				CLANG_ANALYZER_NUMBER_OBJECT_CONVERSION = YES_AGGRESSIVE;
				CLANG_CXX_LANGUAGE_STANDARD = "gnu++20";
				CLANG_ENABLE_MODULES = YES;
				CLANG_ENABLE_OBJC_ARC = YES;
				CLANG_ENABLE_OBJC_WEAK = YES;
				CLANG_WARN_BLOCK_CAPTURE_AUTORELEASING = YES;
				CLANG_WARN_BOOL_CONVERSION = YES;
				CLANG_WARN_COMMA = YES;
				CLANG_WARN_CONSTANT_CONVERSION = YES;
				CLANG_WARN_DEPRECATED_OBJC_IMPLEMENTATIONS = YES;
				CLANG_WARN_DIRECT_OBJC_ISA_USAGE = YES_ERROR;
				CLANG_WARN_DOCUMENTATION_COMMENTS = YES;
				CLANG_WARN_EMPTY_BODY = YES;
				CLANG_WARN_ENUM_CONVERSION = YES;
				CLANG_WARN_INFINITE_RECURSION = YES;
				CLANG_WARN_INT_CONVERSION = YES;
				CLANG_WARN_NON_LITERAL_NULL_CONVERSION = YES;
				CLANG_WARN_OBJC_IMPLICIT_RETAIN_SELF = YES;
				CLANG_WARN_OBJC_LITERAL_CONVERSION = YES;
				CLANG_WARN_OBJC_ROOT_CLASS = YES_ERROR;
				CLANG_WARN_QUOTED_INCLUDE_IN_FRAMEWORK_HEADER = YES;
				CLANG_WARN_RANGE_LOOP_ANALYSIS = YES;
				CLANG_WARN_STRICT_PROTOTYPES = YES;
				CLANG_WARN_SUSPICIOUS_MOVE = YES;
				CLANG_WARN_UNGUARDED_AVAILABILITY = YES_AGGRESSIVE;
				CLANG_WARN_UNREACHABLE_CODE = YES;
				CLANG_WARN__DUPLICATE_METHOD_MATCH = YES;
				COPY_PHASE_STRIP = NO;
				DEBUG_INFORMATION_FORMAT = dwarf;
				DEVELOPMENT_TEAM = B96HF9533R;
				ENABLE_STRICT_OBJC_MSGSEND = YES;
				ENABLE_TESTABILITY = YES;
				ENABLE_USER_SCRIPT_SANDBOXING = YES;
				GCC_C_LANGUAGE_STANDARD = gnu17;
				GCC_DYNAMIC_NO_PIC = NO;
				GCC_NO_COMMON_BLOCKS = YES;
				GCC_OPTIMIZATION_LEVEL = 0;
				GCC_PREPROCESSOR_DEFINITIONS = (
					"DEBUG=1",
					"$(inherited)",
				);
				GCC_WARN_64_TO_32_BIT_CONVERSION = YES;
				GCC_WARN_ABOUT_RETURN_TYPE = YES_ERROR;
				GCC_WARN_UNDECLARED_SELECTOR = YES;
				GCC_WARN_UNINITIALIZED_AUTOS = YES_AGGRESSIVE;
				GCC_WARN_UNUSED_FUNCTION = YES;
				GCC_WARN_UNUSED_VARIABLE = YES;
				IPHONEOS_DEPLOYMENT_TARGET = 26.4;
				LOCALIZATION_PREFERS_STRING_CATALOGS = YES;
				MTL_ENABLE_DEBUG_INFO = INCLUDE_SOURCE;
				MTL_FAST_MATH = YES;
				ONLY_ACTIVE_ARCH = YES;
				SDKROOT = iphoneos;
				SWIFT_ACTIVE_COMPILATION_CONDITIONS = "DEBUG $(inherited)";
				SWIFT_OPTIMIZATION_LEVEL = "-Onone";
			};
			name = Debug;
		};
		D27EAE972F97CAC700EC7F0E /* Release */ = {
			isa = XCBuildConfiguration;
			buildSettings = {
				ALWAYS_SEARCH_USER_PATHS = NO;
				ASSETCATALOG_COMPILER_GENERATE_SWIFT_ASSET_SYMBOL_EXTENSIONS = YES;
				CLANG_ANALYZER_NONNULL = YES;
				CLANG_ANALYZER_NUMBER_OBJECT_CONVERSION = YES_AGGRESSIVE;
				CLANG_CXX_LANGUAGE_STANDARD = "gnu++20";
				CLANG_ENABLE_MODULES = YES;
				CLANG_ENABLE_OBJC_ARC = YES;
				CLANG_ENABLE_OBJC_WEAK = YES;
				CLANG_WARN_BLOCK_CAPTURE_AUTORELEASING = YES;
				CLANG_WARN_BOOL_CONVERSION = YES;
				CLANG_WARN_COMMA = YES;
				CLANG_WARN_CONSTANT_CONVERSION = YES;
				CLANG_WARN_DEPRECATED_OBJC_IMPLEMENTATIONS = YES;
				CLANG_WARN_DIRECT_OBJC_ISA_USAGE = YES_ERROR;
				CLANG_WARN_DOCUMENTATION_COMMENTS = YES;
				CLANG_WARN_EMPTY_BODY = YES;
				CLANG_WARN_ENUM_CONVERSION = YES;
				CLANG_WARN_INFINITE_RECURSION = YES;
				CLANG_WARN_INT_CONVERSION = YES;
				CLANG_WARN_NON_LITERAL_NULL_CONVERSION = YES;
				CLANG_WARN_OBJC_IMPLICIT_RETAIN_SELF = YES;
				CLANG_WARN_OBJC_LITERAL_CONVERSION = YES;
				CLANG_WARN_OBJC_ROOT_CLASS = YES_ERROR;
				CLANG_WARN_QUOTED_INCLUDE_IN_FRAMEWORK_HEADER = YES;
				CLANG_WARN_RANGE_LOOP_ANALYSIS = YES;
				CLANG_WARN_STRICT_PROTOTYPES = YES;
				CLANG_WARN_SUSPICIOUS_MOVE = YES;
				CLANG_WARN_UNGUARDED_AVAILABILITY = YES_AGGRESSIVE;
				CLANG_WARN_UNREACHABLE_CODE = YES;
				CLANG_WARN__DUPLICATE_METHOD_MATCH = YES;
				COPY_PHASE_STRIP = NO;
				DEBUG_INFORMATION_FORMAT = "dwarf-with-dsym";
				DEVELOPMENT_TEAM = B96HF9533R;
				ENABLE_NS_ASSERTIONS = NO;
				ENABLE_STRICT_OBJC_MSGSEND = YES;
				ENABLE_USER_SCRIPT_SANDBOXING = YES;
				GCC_C_LANGUAGE_STANDARD = gnu17;
				GCC_NO_COMMON_BLOCKS = YES;
				GCC_WARN_64_TO_32_BIT_CONVERSION = YES;
				GCC_WARN_ABOUT_RETURN_TYPE = YES_ERROR;
				GCC_WARN_UNDECLARED_SELECTOR = YES;
				GCC_WARN_UNINITIALIZED_AUTOS = YES_AGGRESSIVE;
				GCC_WARN_UNUSED_FUNCTION = YES;
				GCC_WARN_UNUSED_VARIABLE = YES;
				IPHONEOS_DEPLOYMENT_TARGET = 26.4;
				LOCALIZATION_PREFERS_STRING_CATALOGS = YES;
				MTL_ENABLE_DEBUG_INFO = NO;
				MTL_FAST_MATH = YES;
				SDKROOT = iphoneos;
				SWIFT_COMPILATION_MODE = wholemodule;
				VALIDATE_PRODUCT = YES;
			};
			name = Release;
		};
		D27EAE992F97CAC700EC7F0E /* Debug */ = {
			isa = XCBuildConfiguration;
			buildSettings = {
				BUNDLE_LOADER = "$(TEST_HOST)";
				CODE_SIGN_STYLE = Automatic;
				CURRENT_PROJECT_VERSION = 1;
				DEVELOPMENT_TEAM = B96HF9533R;
				GENERATE_INFOPLIST_FILE = YES;
				IPHONEOS_DEPLOYMENT_TARGET = 26.4;
				MARKETING_VERSION = 1.0;
				PRODUCT_BUNDLE_IDENTIFIER = "com.scottfrey.Codex-ReaderTests";
				PRODUCT_NAME = "$(TARGET_NAME)";
				STRING_CATALOG_GENERATE_SYMBOLS = NO;
				SWIFT_APPROACHABLE_CONCURRENCY = YES;
				SWIFT_EMIT_LOC_STRINGS = NO;
				SWIFT_UPCOMING_FEATURE_MEMBER_IMPORT_VISIBILITY = YES;
				SWIFT_VERSION = 5.0;
				TARGETED_DEVICE_FAMILY = "1,2";
				TEST_HOST = "$(BUILT_PRODUCTS_DIR)/Codex Reader.app/$(BUNDLE_EXECUTABLE_FOLDER_PATH)/Codex Reader";
			};
			name = Debug;
		};
		D27EAE9A2F97CAC700EC7F0E /* Release */ = {
			isa = XCBuildConfiguration;
			buildSettings = {
				BUNDLE_LOADER = "$(TEST_HOST)";
				CODE_SIGN_STYLE = Automatic;
				CURRENT_PROJECT_VERSION = 1;
				DEVELOPMENT_TEAM = B96HF9533R;
				GENERATE_INFOPLIST_FILE = YES;
				IPHONEOS_DEPLOYMENT_TARGET = 26.4;
				MARKETING_VERSION = 1.0;
				PRODUCT_BUNDLE_IDENTIFIER = "com.scottfrey.Codex-ReaderTests";
				PRODUCT_NAME = "$(TARGET_NAME)";
				STRING_CATALOG_GENERATE_SYMBOLS = NO;
				SWIFT_APPROACHABLE_CONCURRENCY = YES;
				SWIFT_EMIT_LOC_STRINGS = NO;
				SWIFT_UPCOMING_FEATURE_MEMBER_IMPORT_VISIBILITY = YES;
				SWIFT_VERSION = 5.0;
				TARGETED_DEVICE_FAMILY = "1,2";
				TEST_HOST = "$(BUILT_PRODUCTS_DIR)/Codex Reader.app/$(BUNDLE_EXECUTABLE_FOLDER_PATH)/Codex Reader";
			};
			name = Release;
		};
		D27EAE9C2F97CAC700EC7F0E /* Debug */ = {
			isa = XCBuildConfiguration;
			buildSettings = {
				CODE_SIGN_STYLE = Automatic;
				CURRENT_PROJECT_VERSION = 1;
				DEVELOPMENT_TEAM = B96HF9533R;
				GENERATE_INFOPLIST_FILE = YES;
				MARKETING_VERSION = 1.0;
				PRODUCT_BUNDLE_IDENTIFIER = "com.scottfrey.Codex-ReaderUITests";
				PRODUCT_NAME = "$(TARGET_NAME)";
				STRING_CATALOG_GENERATE_SYMBOLS = NO;
				SWIFT_APPROACHABLE_CONCURRENCY = YES;
				SWIFT_EMIT_LOC_STRINGS = NO;
				SWIFT_UPCOMING_FEATURE_MEMBER_IMPORT_VISIBILITY = YES;
				SWIFT_VERSION = 5.0;
				TARGETED_DEVICE_FAMILY = "1,2";
				TEST_TARGET_NAME = "Codex Reader";
			};
			name = Debug;
		};
		D27EAE9D2F97CAC700EC7F0E /* Release */ = {
			isa = XCBuildConfiguration;
			buildSettings = {
				CODE_SIGN_STYLE = Automatic;
				CURRENT_PROJECT_VERSION = 1;
				DEVELOPMENT_TEAM = B96HF9533R;
				GENERATE_INFOPLIST_FILE = YES;
				MARKETING_VERSION = 1.0;
				PRODUCT_BUNDLE_IDENTIFIER = "com.scottfrey.Codex-ReaderUITests";
				PRODUCT_NAME = "$(TARGET_NAME)";
				STRING_CATALOG_GENERATE_SYMBOLS = NO;
				SWIFT_APPROACHABLE_CONCURRENCY = YES;
				SWIFT_EMIT_LOC_STRINGS = NO;
				SWIFT_UPCOMING_FEATURE_MEMBER_IMPORT_VISIBILITY = YES;
				SWIFT_VERSION = 5.0;
				TARGETED_DEVICE_FAMILY = "1,2";
				TEST_TARGET_NAME = "Codex Reader";
			};
			name = Release;
		};
/* End XCBuildConfiguration section */

/* Begin XCConfigurationList section */
		D27EAE6A2F97CAC500EC7F0E /* Build configuration list for PBXProject "Codex Reader" */ = {
			isa = XCConfigurationList;
			buildConfigurations = (
				D27EAE962F97CAC700EC7F0E /* Debug */,
				D27EAE972F97CAC700EC7F0E /* Release */,
			);
			defaultConfigurationIsVisible = 0;
			defaultConfigurationName = Release;
		};
		D27EAE932F97CAC700EC7F0E /* Build configuration list for PBXNativeTarget "Codex Reader" */ = {
			isa = XCConfigurationList;
			buildConfigurations = (
				D27EAE942F97CAC700EC7F0E /* Debug */,
				D27EAE952F97CAC700EC7F0E /* Release */,
			);
			defaultConfigurationIsVisible = 0;
			defaultConfigurationName = Release;
		};
		D27EAE982F97CAC700EC7F0E /* Build configuration list for PBXNativeTarget "Codex ReaderTests" */ = {
			isa = XCConfigurationList;
			buildConfigurations = (
				D27EAE992F97CAC700EC7F0E /* Debug */,
				D27EAE9A2F97CAC700EC7F0E /* Release */,
			);
			defaultConfigurationIsVisible = 0;
			defaultConfigurationName = Release;
		};
		D27EAE9B2F97CAC700EC7F0E /* Build configuration list for PBXNativeTarget "Codex ReaderUITests" */ = {
			isa = XCConfigurationList;
			buildConfigurations = (
				D27EAE9C2F97CAC700EC7F0E /* Debug */,
				D27EAE9D2F97CAC700EC7F0E /* Release */,
			);
			defaultConfigurationIsVisible = 0;
			defaultConfigurationName = Release;
		};
/* End XCConfigurationList section */

/* Begin XCRemoteSwiftPackageReference section */
		D2DA33DD2FA5229000ADF35E /* XCRemoteSwiftPackageReference "swift-toolkit" */ = {
			isa = XCRemoteSwiftPackageReference;
			repositoryURL = "https://github.com/readium/swift-toolkit.git";
			requirement = {
				kind = exactVersion;
				version = 3.8.0;
			};
		};
/* End XCRemoteSwiftPackageReference section */

/* Begin XCSwiftPackageProductDependency section */
		D2DA33DE2FA5229000ADF35E /* ReadiumAdapterGCDWebServer */ = {
			isa = XCSwiftPackageProductDependency;
			package = D2DA33DD2FA5229000ADF35E /* XCRemoteSwiftPackageReference "swift-toolkit" */;
			productName = ReadiumAdapterGCDWebServer;
		};
		D2DA33E02FA5229000ADF35E /* ReadiumShared */ = {
			isa = XCSwiftPackageProductDependency;
			package = D2DA33DD2FA5229000ADF35E /* XCRemoteSwiftPackageReference "swift-toolkit" */;
			productName = ReadiumShared;
		};
		D2DA33E22FA5229000ADF35E /* ReadiumStreamer */ = {
			isa = XCSwiftPackageProductDependency;
			package = D2DA33DD2FA5229000ADF35E /* XCRemoteSwiftPackageReference "swift-toolkit" */;
			productName = ReadiumStreamer;
		};
/* End XCSwiftPackageProductDependency section */
	};
	rootObject = D27EAE672F97CAC500EC7F0E /* Project object */;
}
